
Microsoft Visual Studio Solution File, Format Version 11.00
# Visual Studio 2010
Project("{FAE04EC0-301F-11D3-BF4B-00C04F79EFBC}") = "Assembly-CSharp", "Assembly-CSharp.csproj", "{916fa82c-6db5-97bb-6ec7-d79b2f085921}"
EndProject
Project("{FAE04EC0-301F-11D3-BF4B-00C04F79EFBC}") = "Assembly-CSharp-firstpass", "Assembly-CSharp-firstpass.csproj", "{2e121d4b-c197-9ce1-812e-eaaa0b91b57e}"
EndProject
Global
	GlobalSection(SolutionConfigurationPlatforms) = preSolution
		Debug|Any CPU = Debug|Any CPU
	EndGlobalSection
	GlobalSection(ProjectConfigurationPlatforms) = postSolution
		{916fa82c-6db5-97bb-6ec7-d79b2f085921}.Debug|Any CPU.ActiveCfg = Debug|Any CPU
		{916fa82c-6db5-97bb-6ec7-d79b2f085921}.Debug|Any CPU.Build.0 = Debug|Any CPU
		{2e121d4b-c197-9ce1-812e-eaaa0b91b57e}.Debug|Any CPU.ActiveCfg = Debug|Any CPU
		{2e121d4b-c197-9ce1-812e-eaaa0b91b57e}.Debug|Any CPU.Build.0 = Debug|Any CPU
	EndGlobalSection
	GlobalSection(SolutionProperties) = preSolution
		HideSolutionNode = FALSE
	EndGlobalSection
EndGlobal
